{
    "_meta": {
        "hash": {
            "sha256": "c4d0036367337f5b08b873a625d5659deacc29b92eccf33bea6aa23cc5786d46"
        },
        "pipfile-spec": 6,
        "requires": {
            "python_version": "3.9"
        },
        "sources": [
            {
                "name": "pypi",
                "url": "https://pypi.org/simple",
                "verify_ssl": true
            }
        ]
    },
    "default": {
        "asgiref": {
            "hashes": [
                "sha256:33958cb2e4b3cd8b1b06ef295bd8605cde65b11df51d3beab39e2e149a610ab3",
                "sha256:8de379fcc383bcfe4507e229fc31209ea23d4831c850f74063b2c11639474dd2"
            ],
            "markers": "python_version >= '3.7'",
            "version": "==3.7.1"
        },
        "async-generator": {
            "hashes": [
                "sha256:01c7bf666359b4967d2cda0000cc2e4af16a0ae098cbffcb8472fb9e8ad6585b",
                "sha256:6ebb3d106c12920aaae42ccb6f787ef5eefdcdd166ea3d628fa8476abe712144"
            ],
            "markers": "python_version >= '3.5'",
            "version": "==1.10"
        },
        "attrs": {
            "hashes": [
                "sha256:1f28b4522cdc2fb4256ac1a020c78acf9cba2c6b461ccd2c126f3aa8e8335d04",
                "sha256:6279836d581513a26f1bf235f9acd333bc9115683f14f7e8fae46c98fc50e015"
            ],
            "markers": "python_version >= '3.7'",
            "version": "==23.1.0"
        },
        "certifi": {
            "hashes": [
                "sha256:0f0d56dc5a6ad56fd4ba36484d6cc34451e1c6548c61daad8c320169f91eddc7",
                "sha256:c6c2e98f5c7869efca1f8916fed228dd91539f9f1b444c314c06eef02980c716"
            ],
            "markers": "python_version >= '3.6'",
            "version": "==2023.5.7"
        },
        "chromedriver-binary": {
            "hashes": [
                "sha256:f1650e1d625cfb363d69a848d15c41031fce1d241b33073060815aad247b7774"
            ],
            "index": "pypi",
            "version": "==114.0.5735.16.0"
        },
        "coverage": {
            "hashes": [
                "sha256:004948e296149644d208964300cb3d98affc5211e9e490e9979af4030b0d6473",
                "sha256:13cde6bb0e58fb67d09e2f373de3899d1d1e866c5a9ff05d93615f2f54fbd2bb",
                "sha256:1c9e4a5eb1bbc3675ee57bc31f8eea4cd7fb0cbcbe4912cf1cb2bf3b754f4a80",
                "sha256:2025f913f2edb0272ef15d00b1f335ff8908c921c8eb2013536fcaf61f5a683d",
                "sha256:25bad4196104761bc26b1dae9b57383826542ec689ff0042f7f4f4dd7a815cba",
                "sha256:2692306d3d4cb32d2cceed1e47cebd6b1d2565c993d6d2eda8e6e6adf53301e6",
                "sha256:272ab31228a9df857ab5df5d67936d8861464dc89c5d3fab35132626e9369379",
                "sha256:2e8c0e79820cdd67978e1120983786422d279e07a381dbf89d03bbb23ec670a6",
                "sha256:3062fd5c62df988cea9f2972c593f77fed1182bfddc5a3b12b1e606cb7aba99e",
                "sha256:3436927d1794fa6763b89b60c896f9e3bd53212001026ebc9080d23f0c2733c1",
                "sha256:35db06450272473eab4449e9c2ad9bc6a0a68dab8e81a0eae6b50d9c2838767e",
                "sha256:392154d09bd4473b9d11351ab5d63391f3d5d24d752f27b3be7498b0ee2b5226",
                "sha256:3cff6980fe7100242170092bb40d2b1cdad79502cd532fd26b12a2b8a5f9aee0",
                "sha256:42c692b55a647a832025a4c048007034fe77b162b566ad537ce65ad824b12a84",
                "sha256:44c9b9f1a245f3d0d202b1a8fa666a80b5ecbe4ad5d0859c0fb16a52d9763224",
                "sha256:496b86f1fc9c81a1cd53d8842ef712e950a4611bba0c42d33366a7b91ba969ec",
                "sha256:4bbd58eb5a2371bf160590f4262109f66b6043b0b991930693134cb617bc0169",
                "sha256:4e3783a286d5a93a2921396d50ce45a909aa8f13eee964465012f110f0cbb611",
                "sha256:4f3c7c19581d471af0e9cb49d928172cd8492cd78a2b7a4e82345d33662929bb",
                "sha256:52c139b7ab3f0b15f9aad0a3fedef5a1f8c0b2bdc291d88639ca2c97d3682416",
                "sha256:541280dde49ce74a4262c5e395b48ea1207e78454788887118c421cb4ffbfcac",
                "sha256:5906f6a84b47f995cd1bf0aca1c72d591c55ee955f98074e93660d64dfc66eb9",
                "sha256:6284a2005e4f8061c58c814b1600ad0074ccb0289fe61ea709655c5969877b70",
                "sha256:6727a0d929ff0028b1ed8b3e7f8701670b1d7032f219110b55476bb60c390bfb",
                "sha256:697f4742aa3f26c107ddcb2b1784a74fe40180014edbd9adaa574eac0529914c",
                "sha256:6b9f64526286255735847aed0221b189486e0b9ed943446936e41b7e44b08783",
                "sha256:6babcbf1e66e46052442f10833cfc4a0d3554d8276aa37af8531a83ed3c1a01d",
                "sha256:6e7f1a8328eeec34c54f1d5968a708b50fc38d31e62ca8b0560e84a968fbf9a9",
                "sha256:71f739f97f5f80627f1fee2331e63261355fd1e9a9cce0016394b6707ac3f4ec",
                "sha256:76d06b721c2550c01a60e5d3093f417168658fb454e5dfd9a23570e9bffe39a1",
                "sha256:77a04b84d01f0e12c66f16e69e92616442dc675bbe51b90bfb074b1e5d1c7fbd",
                "sha256:97729e6828643f168a2a3f07848e1b1b94a366b13a9f5aba5484c2215724edc8",
                "sha256:9a8723ccec4e564d4b9a79923246f7b9a8de4ec55fa03ec4ec804459dade3c4f",
                "sha256:a5ffd45c6b93c23a8507e2f436983015c6457aa832496b6a095505ca2f63e8f1",
                "sha256:a6f03f87fea579d55e0b690d28f5042ec1368650466520fbc400e7aeaf09e995",
                "sha256:aac1d5fdc5378f6bac2c0c7ebe7635a6809f5b4376f6cf5d43243c1917a67087",
                "sha256:ae82c5f168d2a39a5d69a12a69d4dc23837a43cf2ca99be60dfe59996ea6b113",
                "sha256:bc7b667f8654376e9353dd93e55e12ce2a59fb6d8e29fce40de682273425e044",
                "sha256:c1d7a31603c3483ac49c1726723b0934f88f2c011c660e6471e7bd735c2fa110",
                "sha256:c534431153caffc7c495c3eddf7e6a6033e7f81d78385b4e41611b51e8870446",
                "sha256:c93d52c3dc7b9c65e39473704988602300e3cc1bad08b5ab5b03ca98bbbc68c1",
                "sha256:cbcc874f454ee51f158afd604a315f30c0e31dff1d5d5bf499fc529229d964dd",
                "sha256:d3cacc6a665221108ecdf90517a8028d07a2783df3417d12dcfef1c517e67478",
                "sha256:d712cefff15c712329113b01088ba71bbcef0f7ea58478ca0bbec63a824844cb",
                "sha256:d7786b2fa7809bf835f830779ad285215a04da76293164bb6745796873f0942d",
                "sha256:dc11b42fa61ff1e788dd095726a0aed6aad9c03d5c5984b54cb9e1e67b276aa5",
                "sha256:dc4d5187ef4d53e0d4c8eaf530233685667844c5fb0b855fea71ae659017854b",
                "sha256:f5440cdaf3099e7ab17a5a7065aed59aff8c8b079597b61c1f8be6f32fe60636",
                "sha256:fa079995432037b5e2ef5ddbb270bcd2ded9f52b8e191a5de11fe59a00ea30d8",
                "sha256:fbe6e8c0a9a7193ba10ee52977d4d5e7652957c1f56ccefed0701db8801a2a3b",
                "sha256:fde5c7a9d9864d3e07992f66767a9817f24324f354caa3d8129735a3dc74f126"
            ],
            "index": "pypi",
            "version": "==7.2.6"
        },
        "django": {
            "hashes": [
                "sha256:066b6debb5ac335458d2a713ed995570536c8b59a580005acb0732378d5eb1ee",
                "sha256:7efa6b1f781a6119a10ac94b4794ded90db8accbe7802281cd26f8664ffed59c"
            ],
            "index": "pypi",
            "version": "==4.2.1"
        },
        "exceptiongroup": {
            "hashes": [
                "sha256:232c37c63e4f682982c8b6459f33a8981039e5fb8756b2074364e5055c498c9e",
                "sha256:d484c3090ba2889ae2928419117447a14daf3c1231d5e30d0aae34f354f01785"
            ],
            "markers": "python_version < '3.11'",
            "version": "==1.1.1"
        },
        "h11": {
            "hashes": [
                "sha256:8f19fbbe99e72420ff35c00b27a34cb9937e902a8b810e2c88300c6f0a3b699d",
                "sha256:e3fe4ac4b851c468cc8363d500db52c2ead036020723024a109d37346efaa761"
            ],
            "markers": "python_version >= '3.7'",
            "version": "==0.14.0"
        },
        "idna": {
            "hashes": [
                "sha256:814f528e8dead7d329833b91c5faa87d60bf71824cd12a7530b5526063d02cb4",
                "sha256:90b77e79eaa3eba6de819a0c442c0b4ceefc341a7a2ab77d7562bf49f425c5c2"
            ],
            "markers": "python_version >= '3.5'",
            "version": "==3.4"
        },
        "outcome": {
            "hashes": [
                "sha256:6f82bd3de45da303cf1f771ecafa1633750a358436a8bb60e06a1ceb745d2672",
                "sha256:c4ab89a56575d6d38a05aa16daeaa333109c1f96167aba8901ab18b6b5e0f7f5"
            ],
            "markers": "python_version >= '3.7'",
            "version": "==1.2.0"
        },
        "pysocks": {
            "hashes": [
                "sha256:08e69f092cc6dbe92a0fdd16eeb9b9ffbc13cadfe5ca4c7bd92ffb078b293299",
                "sha256:2725bd0a9925919b9b51739eea5f9e2bae91e83288108a9ad338b2e3a4435ee5",
                "sha256:3f8804571ebe159c380ac6de37643bb4685970655d3bba243530d6558b799aa0"
            ],
            "version": "==1.7.1"
        },
        "selenium": {
            "hashes": [
                "sha256:3444f4376321530c36ce8355b6b357d8cf4a7d588ce5cf772183465930bbed0e",
                "sha256:82aedaa85d55bc861f4c89ff9609e82f6c958e2e1e3da3ffcc36703f21d3ee16"
            ],
            "index": "pypi",
            "version": "==4.9.1"
        },
        "sniffio": {
            "hashes": [
                "sha256:e60305c5e5d314f5389259b7f22aaa33d8f7dee49763119234af3755c55b9101",
                "sha256:eecefdce1e5bbfb7ad2eeaabf7c1eeb404d7757c379bd1f7e5cce9d8bf425384"
            ],
            "markers": "python_version >= '3.7'",
            "version": "==1.3.0"
        },
        "sortedcontainers": {
            "hashes": [
                "sha256:25caa5a06cc30b6b83d11423433f65d1f9d76c4c6a0c90e3379eaa43b9bfdb88",
                "sha256:a163dcaede0f1c021485e957a39245190e74249897e2ae4b2aa38595db237ee0"
            ],
            "version": "==2.4.0"
        },
        "sqlparse": {
            "hashes": [
                "sha256:5430a4fe2ac7d0f93e66f1efc6e1338a41884b7ddf2a350cedd20ccc4d9d28f3",
                "sha256:d446183e84b8349fa3061f0fe7f06ca94ba65b426946ffebe6e3e8295332420c"
            ],
            "markers": "python_version >= '3.5'",
            "version": "==0.4.4"
        },
        "trio": {
            "hashes": [
                "sha256:ce68f1c5400a47b137c5a4de72c7c901bd4e7a24fbdebfe9b41de8c6c04eaacf",
                "sha256:f1dd0780a89bfc880c7c7994519cb53f62aacb2c25ff487001c0052bd721cdf0"
            ],
            "markers": "python_version >= '3.7'",
            "version": "==0.22.0"
        },
        "trio-websocket": {
            "hashes": [
                "sha256:0908435e4eecc49d830ae1c4d6c47b978a75f00594a2be2104d58b61a04cdb53",
                "sha256:af13e9393f9051111300287947ec595d601758ce3d165328e7d36325135a8d62"
            ],
            "markers": "python_version >= '3.7'",
            "version": "==0.10.2"
        },
        "typing-extensions": {
            "hashes": [
                "sha256:06006244c70ac8ee83fa8282cb188f697b8db25bc8b4df07be1873c43897060c",
                "sha256:3a8b36f13dd5fdc5d1b16fe317f5668545de77fa0b8e02006381fd49d731ab98"
            ],
            "markers": "python_version < '3.11'",
            "version": "==4.6.2"
        },
        "urllib3": {
            "extras": [
                "socks"
            ],
            "hashes": [
                "sha256:61717a1095d7e155cdb737ac7bb2f4324a858a1e2e6466f6d03ff630ca68d3cc",
                "sha256:d055c2f9d38dc53c808f6fdc8eab7360b6fdbbde02340ed25cfbcd817c62469e"
            ],
            "markers": "python_version >= '3.7'",
            "version": "==2.0.2"
        },
        "wsproto": {
            "hashes": [
                "sha256:ad565f26ecb92588a3e43bc3d96164de84cd9902482b130d0ddbaa9664a85065",
                "sha256:b9acddd652b585d75b20477888c56642fdade28bdfd3579aa24a4d2c037dd736"
            ],
            "markers": "python_version >= '3.7'",
            "version": "==1.2.0"
        }
    },
    "develop": {}
}
